{
  "name": "Checkpoint",
  "lockfileVersion": 2,
  "requires": true,
  "packages": {
    "": {
      "dependencies": {
        "@syncfusion/ej2-react-calendars": "^19.4.42"
      }
    },
    "node_modules/@syncfusion/ej2-base": {
      "version": "19.4.42",
      "resolved": "https://registry.npmjs.org/@syncfusion/ej2-base/-/ej2-base-19.4.42.tgz",
      "integrity": "sha512-SiYT0/w8Ijo4o2WqHWBRm+2v5IojA032NHC08Hh4KJr6qU9tFPJBZhNy+5bZlmEczECr7944eEt27MPhginWAQ==",
      "dependencies": {
        "@syncfusion/ej2-icons": "~19.4.38"
      }
    },
    "node_modules/@syncfusion/ej2-buttons": {
      "version": "19.4.42",
      "resolved": "https://registry.npmjs.org/@syncfusion/ej2-buttons/-/ej2-buttons-19.4.42.tgz",
      "integrity": "sha512-L8O69Zb+qZ1N/1AasGzhV96+mdrMFySWLuRgYdzgRo+2j0umBaXLVSSq+SxGQIioANs4XF8bD3LvyRf8n618PQ==",
      "dependencies": {
        "@syncfusion/ej2-base": "~19.4.42"
      }
    },
    "node_modules/@syncfusion/ej2-calendars": {
      "version": "19.4.42",
      "resolved": "https://registry.npmjs.org/@syncfusion/ej2-calendars/-/ej2-calendars-19.4.42.tgz",
      "integrity": "sha512-T8z4SEVmF+fwfsy4T69lr0LCuFYEtU4RKvmQS2S6e/Y+VYsG8tfYhDbo/TCSrS12jyrF8NtQpWN9LlzIjRWbQw==",
      "dependencies": {
        "@syncfusion/ej2-base": "~19.4.42",
        "@syncfusion/ej2-buttons": "~19.4.42",
        "@syncfusion/ej2-inputs": "~19.4.42",
        "@syncfusion/ej2-lists": "~19.4.38",
        "@syncfusion/ej2-popups": "~19.4.41"
      }
    },
    "node_modules/@syncfusion/ej2-data": {
      "version": "19.4.42",
      "resolved": "https://registry.npmjs.org/@syncfusion/ej2-data/-/ej2-data-19.4.42.tgz",
      "integrity": "sha512-alkBjA/s8IRhyuZfYjqrwtjS1YWNzBNhNY09hTH+M4oklh2YTNFLkPY8kDIjMVIjmDHWo6N5zJ8Uj88kfcSWJg==",
      "dependencies": {
        "@syncfusion/ej2-base": "~19.4.42"
      }
    },
    "node_modules/@syncfusion/ej2-icons": {
      "version": "19.4.38",
      "resolved": "https://registry.npmjs.org/@syncfusion/ej2-icons/-/ej2-icons-19.4.38.tgz",
      "integrity": "sha512-7Uy1A76BkDBANdJpgxBRExrcYcz5YULhck9sYKqX4upAhdCubvcQzQslW+bKt0TZra4GLvC+iMG0rRMDzZQuxA=="
    },
    "node_modules/@syncfusion/ej2-inputs": {
      "version": "19.4.42",
      "resolved": "https://registry.npmjs.org/@syncfusion/ej2-inputs/-/ej2-inputs-19.4.42.tgz",
      "integrity": "sha512-HvFKhNbotqkZFOCiKEs4kcGuSsPXkNGqcwpicDGWN5qQrK1gBad3sSIEWvJN0UcXc2+RU9Xg2gOnD/el5HL+NQ==",
      "dependencies": {
        "@syncfusion/ej2-base": "~19.4.42",
        "@syncfusion/ej2-buttons": "~19.4.42",
        "@syncfusion/ej2-popups": "~19.4.41",
        "@syncfusion/ej2-splitbuttons": "~19.4.40"
      }
    },
    "node_modules/@syncfusion/ej2-lists": {
      "version": "19.4.38",
      "resolved": "https://registry.npmjs.org/@syncfusion/ej2-lists/-/ej2-lists-19.4.38.tgz",
      "integrity": "sha512-wxpIbfNKM37hgRpKIcEPnyiYcXZWvHLVCYg4K1QpkOFqhak6QGooLQVHpmNmChZPBYN4v3StvKB+i8SLVCMa+Q==",
      "dependencies": {
        "@syncfusion/ej2-base": "~19.4.38",
        "@syncfusion/ej2-buttons": "~19.4.38",
        "@syncfusion/ej2-data": "~19.4.38"
      }
    },
    "node_modules/@syncfusion/ej2-popups": {
      "version": "19.4.41",
      "resolved": "https://registry.npmjs.org/@syncfusion/ej2-popups/-/ej2-popups-19.4.41.tgz",
      "integrity": "sha512-r6JEaIbkxLgFW9c3Xfxm8bERv8MVzfl8E2tZEwOqz+JPZ//BUxzi9imPZKfFdA3CXdNXhzED+PGftBF2qb1xLg==",
      "dependencies": {
        "@syncfusion/ej2-base": "~19.4.38",
        "@syncfusion/ej2-buttons": "~19.4.38"
      }
    },
    "node_modules/@syncfusion/ej2-react-base": {
      "version": "19.4.42",
      "resolved": "https://registry.npmjs.org/@syncfusion/ej2-react-base/-/ej2-react-base-19.4.42.tgz",
      "integrity": "sha512-2xpB3vNvhHhcjZ28bcHqXFvRqglKvMzaXUowSUyFhJBszhTm80K2WgRqfiHFiE2xaQSCQWL+Z33jyZkdbX/a3Q==",
      "dependencies": {
        "@syncfusion/ej2-base": "~19.4.42"
      },
      "peerDependencies": {
        "react": "15.5.4 - 16.13.1",
        "react-dom": "15.5.4 - 16.13.1"
      }
    },
    "node_modules/@syncfusion/ej2-react-calendars": {
      "version": "19.4.42",
      "resolved": "https://registry.npmjs.org/@syncfusion/ej2-react-calendars/-/ej2-react-calendars-19.4.42.tgz",
      "integrity": "sha512-XrPzSM6NQjekLtOOBxtpzhFEyjcQ1YDzB5fsBnBqEfDzRWPQxgvs9Ym8bQ5MGkWaILkAiRMirFuNkOjZz7cqaQ==",
      "dependencies": {
        "@syncfusion/ej2-base": "~19.4.42",
        "@syncfusion/ej2-calendars": "19.4.42",
        "@syncfusion/ej2-react-base": "~19.4.42"
      }
    },
    "node_modules/@syncfusion/ej2-splitbuttons": {
      "version": "19.4.40",
      "resolved": "https://registry.npmjs.org/@syncfusion/ej2-splitbuttons/-/ej2-splitbuttons-19.4.40.tgz",
      "integrity": "sha512-2CZwgIDPz3jx8mkPsi/A0Fs/ClWitMphJ3e/ww1KQ5BZ97+sur1jv1H7A5TavIPlSMHXmRzr8nrt2N528HaPkw==",
      "dependencies": {
        "@syncfusion/ej2-base": "~19.4.38",
        "@syncfusion/ej2-popups": "~19.4.38"
      }
    },
    "node_modules/js-tokens": {
      "version": "4.0.0",
      "resolved": "https://registry.npmjs.org/js-tokens/-/js-tokens-4.0.0.tgz",
      "integrity": "sha512-RdJUflcE3cUzKiMqQgsCu06FPu9UdIJO0beYbPhHN4k6apgJtifcoCtT9bcxOpYBtpD2kCM6Sbzg4CausW/PKQ==",
      "peer": true
    },
    "node_modules/loose-envify": {
      "version": "1.4.0",
      "resolved": "https://registry.npmjs.org/loose-envify/-/loose-envify-1.4.0.tgz",
      "integrity": "sha512-lyuxPGr/Wfhrlem2CL/UcnUc1zcqKAImBDzukY7Y5F/yQiNdko6+fRLevlw1HgMySw7f611UIY408EtxRSoK3Q==",
      "peer": true,
      "dependencies": {
        "js-tokens": "^3.0.0 || ^4.0.0"
      },
      "bin": {
        "loose-envify": "cli.js"
      }
    },
    "node_modules/object-assign": {
      "version": "4.1.1",
      "resolved": "https://registry.npmjs.org/object-assign/-/object-assign-4.1.1.tgz",
      "integrity": "sha1-IQmtx5ZYh8/AXLvUQsrIv7s2CGM=",
      "peer": true,
      "engines": {
        "node": ">=0.10.0"
      }
    },
    "node_modules/prop-types": {
      "version": "15.8.1",
      "resolved": "https://registry.npmjs.org/prop-types/-/prop-types-15.8.1.tgz",
      "integrity": "sha512-oj87CgZICdulUohogVAR7AjlC0327U4el4L6eAvOqCeudMDVU0NThNaV+b9Df4dXgSP1gXMTnPdhfe/2qDH5cg==",
      "peer": true,
      "dependencies": {
        "loose-envify": "^1.4.0",
        "object-assign": "^4.1.1",
        "react-is": "^16.13.1"
      }
    },
    "node_modules/react": {
      "version": "16.13.1",
      "resolved": "https://registry.npmjs.org/react/-/react-16.13.1.tgz",
      "integrity": "sha512-YMZQQq32xHLX0bz5Mnibv1/LHb3Sqzngu7xstSM+vrkE5Kzr9xE0yMByK5kMoTK30YVJE61WfbxIFFvfeDKT1w==",
      "peer": true,
      "dependencies": {
        "loose-envify": "^1.1.0",
        "object-assign": "^4.1.1",
        "prop-types": "^15.6.2"
      },
      "engines": {
        "node": ">=0.10.0"
      }
    },
    "node_modules/react-dom": {
      "version": "16.13.1",
      "resolved": "https://registry.npmjs.org/react-dom/-/react-dom-16.13.1.tgz",
      "integrity": "sha512-81PIMmVLnCNLO/fFOQxdQkvEq/+Hfpv24XNJfpyZhTRfO0QcmQIF/PgCa1zCOj2w1hrn12MFLyaJ/G0+Mxtfag==",
      "peer": true,
      "dependencies": {
        "loose-envify": "^1.1.0",
        "object-assign": "^4.1.1",
        "prop-types": "^15.6.2",
        "scheduler": "^0.19.1"
      },
      "peerDependencies": {
        "react": "^16.13.1"
      }
    },
    "node_modules/react-is": {
      "version": "16.13.1",
      "resolved": "https://registry.npmjs.org/react-is/-/react-is-16.13.1.tgz",
      "integrity": "sha512-24e6ynE2H+OKt4kqsOvNd8kBpV65zoxbA4BVsEOB3ARVWQki/DHzaUoC5KuON/BiccDaCCTZBuOcfZs70kR8bQ==",
      "peer": true
    },
    "node_modules/scheduler": {
      "version": "0.19.1",
      "resolved": "https://registry.npmjs.org/scheduler/-/scheduler-0.19.1.tgz",
      "integrity": "sha512-n/zwRWRYSUj0/3g/otKDRPMh6qv2SYMWNq85IEa8iZyAv8od9zDYpGSnpBEjNgcMNq6Scbu5KfIPxNF72R/2EA==",
      "peer": true,
      "dependencies": {
        "loose-envify": "^1.1.0",
        "object-assign": "^4.1.1"
      }
    }
  },
  "dependencies": {
    "@syncfusion/ej2-base": {
      "version": "19.4.42",
      "resolved": "https://registry.npmjs.org/@syncfusion/ej2-base/-/ej2-base-19.4.42.tgz",
      "integrity": "sha512-SiYT0/w8Ijo4o2WqHWBRm+2v5IojA032NHC08Hh4KJr6qU9tFPJBZhNy+5bZlmEczECr7944eEt27MPhginWAQ==",
      "requires": {
        "@syncfusion/ej2-icons": "~19.4.38"
      }
    },
    "@syncfusion/ej2-buttons": {
      "version": "19.4.42",
      "resolved": "https://registry.npmjs.org/@syncfusion/ej2-buttons/-/ej2-buttons-19.4.42.tgz",
      "integrity": "sha512-L8O69Zb+qZ1N/1AasGzhV96+mdrMFySWLuRgYdzgRo+2j0umBaXLVSSq+SxGQIioANs4XF8bD3LvyRf8n618PQ==",
      "requires": {
        "@syncfusion/ej2-base": "~19.4.42"
      }
    },
    "@syncfusion/ej2-calendars": {
      "version": "19.4.42",
      "resolved": "https://registry.npmjs.org/@syncfusion/ej2-calendars/-/ej2-calendars-19.4.42.tgz",
      "integrity": "sha512-T8z4SEVmF+fwfsy4T69lr0LCuFYEtU4RKvmQS2S6e/Y+VYsG8tfYhDbo/TCSrS12jyrF8NtQpWN9LlzIjRWbQw==",
      "requires": {
        "@syncfusion/ej2-base": "~19.4.42",
        "@syncfusion/ej2-buttons": "~19.4.42",
        "@syncfusion/ej2-inputs": "~19.4.42",
        "@syncfusion/ej2-lists": "~19.4.38",
        "@syncfusion/ej2-popups": "~19.4.41"
      }
    },
    "@syncfusion/ej2-data": {
      "version": "19.4.42",
      "resolved": "https://registry.npmjs.org/@syncfusion/ej2-data/-/ej2-data-19.4.42.tgz",
      "integrity": "sha512-alkBjA/s8IRhyuZfYjqrwtjS1YWNzBNhNY09hTH+M4oklh2YTNFLkPY8kDIjMVIjmDHWo6N5zJ8Uj88kfcSWJg==",
      "requires": {
        "@syncfusion/ej2-base": "~19.4.42"
      }
    },
    "@syncfusion/ej2-icons": {
      "version": "19.4.38",
      "resolved": "https://registry.npmjs.org/@syncfusion/ej2-icons/-/ej2-icons-19.4.38.tgz",
      "integrity": "sha512-7Uy1A76BkDBANdJpgxBRExrcYcz5YULhck9sYKqX4upAhdCubvcQzQslW+bKt0TZra4GLvC+iMG0rRMDzZQuxA=="
    },
    "@syncfusion/ej2-inputs": {
      "version": "19.4.42",
      "resolved": "https://registry.npmjs.org/@syncfusion/ej2-inputs/-/ej2-inputs-19.4.42.tgz",
      "integrity": "sha512-HvFKhNbotqkZFOCiKEs4kcGuSsPXkNGqcwpicDGWN5qQrK1gBad3sSIEWvJN0UcXc2+RU9Xg2gOnD/el5HL+NQ==",
      "requires": {
        "@syncfusion/ej2-base": "~19.4.42",
        "@syncfusion/ej2-buttons": "~19.4.42",
        "@syncfusion/ej2-popups": "~19.4.41",
        "@syncfusion/ej2-splitbuttons": "~19.4.40"
      }
    },
    "@syncfusion/ej2-lists": {
      "version": "19.4.38",
      "resolved": "https://registry.npmjs.org/@syncfusion/ej2-lists/-/ej2-lists-19.4.38.tgz",
      "integrity": "sha512-wxpIbfNKM37hgRpKIcEPnyiYcXZWvHLVCYg4K1QpkOFqhak6QGooLQVHpmNmChZPBYN4v3StvKB+i8SLVCMa+Q==",
      "requires": {
        "@syncfusion/ej2-base": "~19.4.38",
        "@syncfusion/ej2-buttons": "~19.4.38",
        "@syncfusion/ej2-data": "~19.4.38"
      }
    },
    "@syncfusion/ej2-popups": {
      "version": "19.4.41",
      "resolved": "https://registry.npmjs.org/@syncfusion/ej2-popups/-/ej2-popups-19.4.41.tgz",
      "integrity": "sha512-r6JEaIbkxLgFW9c3Xfxm8bERv8MVzfl8E2tZEwOqz+JPZ//BUxzi9imPZKfFdA3CXdNXhzED+PGftBF2qb1xLg==",
      "requires": {
        "@syncfusion/ej2-base": "~19.4.38",
        "@syncfusion/ej2-buttons": "~19.4.38"
      }
    },
    "@syncfusion/ej2-react-base": {
      "version": "19.4.42",
      "resolved": "https://registry.npmjs.org/@syncfusion/ej2-react-base/-/ej2-react-base-19.4.42.tgz",
      "integrity": "sha512-2xpB3vNvhHhcjZ28bcHqXFvRqglKvMzaXUowSUyFhJBszhTm80K2WgRqfiHFiE2xaQSCQWL+Z33jyZkdbX/a3Q==",
      "requires": {
        "@syncfusion/ej2-base": "~19.4.42"
      }
    },
    "@syncfusion/ej2-react-calendars": {
      "version": "19.4.42",
      "resolved": "https://registry.npmjs.org/@syncfusion/ej2-react-calendars/-/ej2-react-calendars-19.4.42.tgz",
      "integrity": "sha512-XrPzSM6NQjekLtOOBxtpzhFEyjcQ1YDzB5fsBnBqEfDzRWPQxgvs9Ym8bQ5MGkWaILkAiRMirFuNkOjZz7cqaQ==",
      "requires": {
        "@syncfusion/ej2-base": "~19.4.42",
        "@syncfusion/ej2-calendars": "19.4.42",
        "@syncfusion/ej2-react-base": "~19.4.42"
      }
    },
    "@syncfusion/ej2-splitbuttons": {
      "version": "19.4.40",
      "resolved": "https://registry.npmjs.org/@syncfusion/ej2-splitbuttons/-/ej2-splitbuttons-19.4.40.tgz",
      "integrity": "sha512-2CZwgIDPz3jx8mkPsi/A0Fs/ClWitMphJ3e/ww1KQ5BZ97+sur1jv1H7A5TavIPlSMHXmRzr8nrt2N528HaPkw==",
      "requires": {
        "@syncfusion/ej2-base": "~19.4.38",
        "@syncfusion/ej2-popups": "~19.4.38"
      }
    },
    "js-tokens": {
      "version": "4.0.0",
      "resolved": "https://registry.npmjs.org/js-tokens/-/js-tokens-4.0.0.tgz",
      "integrity": "sha512-RdJUflcE3cUzKiMqQgsCu06FPu9UdIJO0beYbPhHN4k6apgJtifcoCtT9bcxOpYBtpD2kCM6Sbzg4CausW/PKQ==",
      "peer": true
    },
    "loose-envify": {
      "version": "1.4.0",
      "resolved": "https://registry.npmjs.org/loose-envify/-/loose-envify-1.4.0.tgz",
      "integrity": "sha512-lyuxPGr/Wfhrlem2CL/UcnUc1zcqKAImBDzukY7Y5F/yQiNdko6+fRLevlw1HgMySw7f611UIY408EtxRSoK3Q==",
      "peer": true,
      "requires": {
        "js-tokens": "^3.0.0 || ^4.0.0"
      }
    },
    "object-assign": {
      "version": "4.1.1",
      "resolved": "https://registry.npmjs.org/object-assign/-/object-assign-4.1.1.tgz",
      "integrity": "sha1-IQmtx5ZYh8/AXLvUQsrIv7s2CGM=",
      "peer": true
    },
    "prop-types": {
      "version": "15.8.1",
      "resolved": "https://registry.npmjs.org/prop-types/-/prop-types-15.8.1.tgz",
      "integrity": "sha512-oj87CgZICdulUohogVAR7AjlC0327U4el4L6eAvOqCeudMDVU0NThNaV+b9Df4dXgSP1gXMTnPdhfe/2qDH5cg==",
      "peer": true,
      "requires": {
        "loose-envify": "^1.4.0",
        "object-assign": "^4.1.1",
        "react-is": "^16.13.1"
      }
    },
    "react": {
      "version": "16.13.1",
      "resolved": "https://registry.npmjs.org/react/-/react-16.13.1.tgz",
      "integrity": "sha512-YMZQQq32xHLX0bz5Mnibv1/LHb3Sqzngu7xstSM+vrkE5Kzr9xE0yMByK5kMoTK30YVJE61WfbxIFFvfeDKT1w==",
      "peer": true,
      "requires": {
        "loose-envify": "^1.1.0",
        "object-assign": "^4.1.1",
        "prop-types": "^15.6.2"
      }
    },
    "react-dom": {
      "version": "16.13.1",
      "resolved": "https://registry.npmjs.org/react-dom/-/react-dom-16.13.1.tgz",
      "integrity": "sha512-81PIMmVLnCNLO/fFOQxdQkvEq/+Hfpv24XNJfpyZhTRfO0QcmQIF/PgCa1zCOj2w1hrn12MFLyaJ/G0+Mxtfag==",
      "peer": true,
      "requires": {
        "loose-envify": "^1.1.0",
        "object-assign": "^4.1.1",
        "prop-types": "^15.6.2",
        "scheduler": "^0.19.1"
      }
    },
    "react-is": {
      "version": "16.13.1",
      "resolved": "https://registry.npmjs.org/react-is/-/react-is-16.13.1.tgz",
      "integrity": "sha512-24e6ynE2H+OKt4kqsOvNd8kBpV65zoxbA4BVsEOB3ARVWQki/DHzaUoC5KuON/BiccDaCCTZBuOcfZs70kR8bQ==",
      "peer": true
    },
    "scheduler": {
      "version": "0.19.1",
      "resolved": "https://registry.npmjs.org/scheduler/-/scheduler-0.19.1.tgz",
      "integrity": "sha512-n/zwRWRYSUj0/3g/otKDRPMh6qv2SYMWNq85IEa8iZyAv8od9zDYpGSnpBEjNgcMNq6Scbu5KfIPxNF72R/2EA==",
      "peer": true,
      "requires": {
        "loose-envify": "^1.1.0",
        "object-assign": "^4.1.1"
      }
    }
  }
}
